{
  "name": "ImageToText",
  "version": "1.0.0",
  "lockfileVersion": 1,
  "requires": true,
  "dependencies": {
    "node-tesseract-ocr": {
      "version": "1.0.0",
      "resolved": "https://registry.npmjs.org/node-tesseract-ocr/-/node-tesseract-ocr-1.0.0.tgz",
      "integrity": "sha512-1u6KNqrt0jGK8Fdrm8JfQD4bctEScpnDtsEV42dmZ54zQRov+OUZZb4a7uy4V+OKENn7fKpgB5WIza5ernGHzA=="
    }
  }
}
